# This file is automatically @generated by Poetry 1.8.2 and should not be changed by hand.

[[package]]
name = "opencolorio"
version = "2.4.0"
description = "OpenColorIO (OCIO) is a complete color management solution geared towards motion picture production with an emphasis on visual effects and computer animation."
optional = false
python-versions = "*"
files = [
    {file = "opencolorio-2.4.0-cp310-cp310-macosx_10_13_x86_64.whl", hash = "sha256:0fb98905bf9838575f2e15e46425cff03c228944ce09c07652caf1576860b3ff"},
    {file = "opencolorio-2.4.0-cp310-cp310-macosx_11_0_arm64.whl", hash = "sha256:aa38355c548a7a849e7b9d53500e766955f09c3b2447eb842aaa77c03a9f3434"},
    {file = "opencolorio-2.4.0-cp310-cp310-manylinux_2_17_aarch64.manylinux2014_aarch64.whl", hash = "sha256:c4e9231e8d3bf8afb594e16e7f78da74550bc02bbcfda99b0513f0adf5e5dde5"},
    {file = "opencolorio-2.4.0-cp310-cp310-manylinux_2_17_x86_64.manylinux2014_x86_64.whl", hash = "sha256:2aa00df10c400a8a97cf83fe6d5889cd13be8ec8b9ccf02828d08aa96981f978"},
    {file = "opencolorio-2.4.0-cp310-cp310-manylinux_2_27_x86_64.manylinux_2_28_x86_64.whl", hash = "sha256:f858f8365310ee0a5338de62bbf0b7356d895059cf9642fa358f0b4635d75c6b"},
    {file = "opencolorio-2.4.0-cp310-cp310-win_amd64.whl", hash = "sha256:cf63b7e5b9eaf4a303c0956748fb2045a023c3bf62eacd5199f08f9402440fb7"},
    {file = "opencolorio-2.4.0-cp311-cp311-macosx_10_13_x86_64.whl", hash = "sha256:a20a9216314fe53f51894dd0572ba9ed865bc27c257a1a81e1309ae11b169641"},
    {file = "opencolorio-2.4.0-cp311-cp311-macosx_11_0_arm64.whl", hash = "sha256:7a99fa26696da2ac8b8d0696d35bf5796a3654d675b4e56d8806db560c42128f"},
    {file = "opencolorio-2.4.0-cp311-cp311-manylinux_2_17_aarch64.manylinux2014_aarch64.whl", hash = "sha256:1bbca0570470ba874e1d26993934e13be9ff40974ee7e393721c62d107475817"},
    {file = "opencolorio-2.4.0-cp311-cp311-manylinux_2_17_x86_64.manylinux2014_x86_64.whl", hash = "sha256:e23f17e3732c10163e485e2f010f846e3f5d5d512681cba2f9666d5b634b2fcc"},
    {file = "opencolorio-2.4.0-cp311-cp311-manylinux_2_27_x86_64.manylinux_2_28_x86_64.whl", hash = "sha256:b528c1248dc3a1e2f0d5a99257bcdcb80acfef718346620bc13e1b80f488921b"},
    {file = "opencolorio-2.4.0-cp311-cp311-win_amd64.whl", hash = "sha256:a997bcd40419b725c8bfed42e8211db4c506ea337b05d2e204c5114e3e3e9050"},
    {file = "opencolorio-2.4.0-cp312-cp312-macosx_10_13_x86_64.whl", hash = "sha256:138f79cbb8e0bb7a82c01c1f23fccd9f085c813a28dcaeccfa34621e911226c9"},
    {file = "opencolorio-2.4.0-cp312-cp312-macosx_11_0_arm64.whl", hash = "sha256:bd5c50ab0c9ce1a067143d4708c17837e900ac507dadb671a504f91586621634"},
    {file = "opencolorio-2.4.0-cp312-cp312-manylinux_2_17_aarch64.manylinux2014_aarch64.whl", hash = "sha256:3e50114612c1e59eb22be5df05fb7deb7674fed5a63317f511f12c6d1d1e50c2"},
    {file = "opencolorio-2.4.0-cp312-cp312-manylinux_2_17_x86_64.manylinux2014_x86_64.whl", hash = "sha256:e683ad18647de2d95344ab3ffeb06b015ffe37402d03eed6a9290216eff55aaf"},
    {file = "opencolorio-2.4.0-cp312-cp312-manylinux_2_27_x86_64.manylinux_2_28_x86_64.whl", hash = "sha256:1aa245cc9ea80011a020aa5dceb1446631774c8a5ef471c1b3cfa76710610214"},
    {file = "opencolorio-2.4.0-cp312-cp312-win_amd64.whl", hash = "sha256:d9ea0c6d27a6ac482d4f2a3e544ef34b5ad8af4d329831b6aed9cd1167552ea0"},
    {file = "opencolorio-2.4.0-cp313-cp313-macosx_10_13_x86_64.whl", hash = "sha256:a8dd67e17a4fc3616058a5374e9c05233a1a3f7716d6d91a0e176b3f9c96e1da"},
    {file = "opencolorio-2.4.0-cp313-cp313-macosx_11_0_arm64.whl", hash = "sha256:f7cfc7249c4227d0a0e4d80cb6f2775038fa6ef31a89c8542a43e8e84f5f48ce"},
    {file = "opencolorio-2.4.0-cp313-cp313-manylinux_2_17_aarch64.manylinux2014_aarch64.whl", hash = "sha256:c63743c0848a5e75b06e3b90b5fa56bd5100b99cbedd390f51d45be4332f7c69"},
    {file = "opencolorio-2.4.0-cp313-cp313-manylinux_2_17_x86_64.manylinux2014_x86_64.whl", hash = "sha256:ca91d1eb1836303be5d8d1bf41d6b3be9af7a0ab4d0686d1c8e33dd30c358be6"},
    {file = "opencolorio-2.4.0-cp313-cp313-manylinux_2_27_x86_64.manylinux_2_28_x86_64.whl", hash = "sha256:1ca0290041ad12774fd9b201f4f025498470e29ddf5f78aa44b3fe668f3ef1a8"},
    {file = "opencolorio-2.4.0-cp313-cp313-win_amd64.whl", hash = "sha256:0a6f5d305daf284072b437b35af5666418d69f719c4a7a594c5e4263397db52c"},
    {file = "opencolorio-2.4.0-cp38-cp38-macosx_10_13_x86_64.whl", hash = "sha256:543237797c8bf1a9e17d303efad12ed91f5af993baba62e621dad9c7b5e6ec3b"},
    {file = "opencolorio-2.4.0-cp38-cp38-macosx_11_0_arm64.whl", hash = "sha256:451bb1fc5e13ad3f26d4d9b29361ee96a1dd423c803a1132bb5c77d2f898bafe"},
    {file = "opencolorio-2.4.0-cp38-cp38-manylinux_2_17_aarch64.manylinux2014_aarch64.whl", hash = "sha256:04cbd64d54180aba48a334e0068c46c5833c7a24885649cdd12b8e96122888b7"},
    {file = "opencolorio-2.4.0-cp38-cp38-manylinux_2_17_x86_64.manylinux2014_x86_64.whl", hash = "sha256:ef1a91baa6e97a0e742d23fe736116adda19a02f24e09806d5c760dba434dc9e"},
    {file = "opencolorio-2.4.0-cp38-cp38-manylinux_2_27_x86_64.manylinux_2_28_x86_64.whl", hash = "sha256:5cbc3d5adb4f4a535e88606a98058321bde07a9598defc9401e2485836ddfb36"},
    {file = "opencolorio-2.4.0-cp38-cp38-win_amd64.whl", hash = "sha256:5959613738133b6cc8bf1186dcf558254e6a0ea752a12182024633a0879a437f"},
    {file = "opencolorio-2.4.0-cp39-cp39-macosx_10_13_x86_64.whl", hash = "sha256:e5fc49230dec41ccf8c05cfc0be694e26d5d99d5b08c870473f8ae16e7056f97"},
    {file = "opencolorio-2.4.0-cp39-cp39-macosx_11_0_arm64.whl", hash = "sha256:4f0deb9d45e491695b5ab824dce9c6176e77667974369d876eae07a3ad536dee"},
    {file = "opencolorio-2.4.0-cp39-cp39-manylinux_2_17_aarch64.manylinux2014_aarch64.whl", hash = "sha256:822e9690373d062030f5d47bf5027217b507f2d2a9b3776e54ecd50c3a26c597"},
    {file = "opencolorio-2.4.0-cp39-cp39-manylinux_2_17_x86_64.manylinux2014_x86_64.whl", hash = "sha256:a2fd620c0dd510f154bb86369f792886952c62e48863f5a20242f3fcbcbd6ce1"},
    {file = "opencolorio-2.4.0-cp39-cp39-manylinux_2_27_x86_64.manylinux_2_28_x86_64.whl", hash = "sha256:2837dd1e0b87986b911da2ec61ef5caab0f8186339934521a8c7a9a53dacd8eb"},
    {file = "opencolorio-2.4.0-cp39-cp39-win_amd64.whl", hash = "sha256:0b69463a6f85f51550243489847956212e7afc0d7f05400ec813bc51a99941a2"},
    {file = "opencolorio-2.4.0.tar.gz", hash = "sha256:cd620e5e2f6ef4a8b04eb1ee664c21ddeeb97a47214b3fccf675cfba1651ed47"},
]

[[package]]
name = "pyyaml"
version = "6.0.2"
description = "YAML parser and emitter for Python"
optional = false
python-versions = ">=3.8"
files = [
    {file = "PyYAML-6.0.2-cp310-cp310-macosx_10_9_x86_64.whl", hash = "sha256:0a9a2848a5b7feac301353437eb7d5957887edbf81d56e903999a75a3d743086"},
    {file = "PyYAML-6.0.2-cp310-cp310-macosx_11_0_arm64.whl", hash = "sha256:29717114e51c84ddfba879543fb232a6ed60086602313ca38cce623c1d62cfbf"},
    {file = "PyYAML-6.0.2-cp310-cp310-manylinux_2_17_aarch64.manylinux2014_aarch64.whl", hash = "sha256:8824b5a04a04a047e72eea5cec3bc266db09e35de6bdfe34c9436ac5ee27d237"},
    {file = "PyYAML-6.0.2-cp310-cp310-manylinux_2_17_s390x.manylinux2014_s390x.whl", hash = "sha256:7c36280e6fb8385e520936c3cb3b8042851904eba0e58d277dca80a5cfed590b"},
    {file = "PyYAML-6.0.2-cp310-cp310-manylinux_2_17_x86_64.manylinux2014_x86_64.whl", hash = "sha256:ec031d5d2feb36d1d1a24380e4db6d43695f3748343d99434e6f5f9156aaa2ed"},
    {file = "PyYAML-6.0.2-cp310-cp310-musllinux_1_1_aarch64.whl", hash = "sha256:936d68689298c36b53b29f23c6dbb74de12b4ac12ca6cfe0e047bedceea56180"},
    {file = "PyYAML-6.0.2-cp310-cp310-musllinux_1_1_x86_64.whl", hash = "sha256:23502f431948090f597378482b4812b0caae32c22213aecf3b55325e049a6c68"},
    {file = "PyYAML-6.0.2-cp310-cp310-win32.whl", hash = "sha256:2e99c6826ffa974fe6e27cdb5ed0021786b03fc98e5ee3c5bfe1fd5015f42b99"},
    {file = "PyYAML-6.0.2-cp310-cp310-win_amd64.whl", hash = "sha256:a4d3091415f010369ae4ed1fc6b79def9416358877534caf6a0fdd2146c87a3e"},
    {file = "PyYAML-6.0.2-cp311-cp311-macosx_10_9_x86_64.whl", hash = "sha256:cc1c1159b3d456576af7a3e4d1ba7e6924cb39de8f67111c735f6fc832082774"},
    {file = "PyYAML-6.0.2-cp311-cp311-macosx_11_0_arm64.whl", hash = "sha256:1e2120ef853f59c7419231f3bf4e7021f1b936f6ebd222406c3b60212205d2ee"},
    {file = "PyYAML-6.0.2-cp311-cp311-manylinux_2_17_aarch64.manylinux2014_aarch64.whl", hash = "sha256:5d225db5a45f21e78dd9358e58a98702a0302f2659a3c6cd320564b75b86f47c"},
    {file = "PyYAML-6.0.2-cp311-cp311-manylinux_2_17_s390x.manylinux2014_s390x.whl", hash = "sha256:5ac9328ec4831237bec75defaf839f7d4564be1e6b25ac710bd1a96321cc8317"},
    {file = "PyYAML-6.0.2-cp311-cp311-manylinux_2_17_x86_64.manylinux2014_x86_64.whl", hash = "sha256:3ad2a3decf9aaba3d29c8f537ac4b243e36bef957511b4766cb0057d32b0be85"},
    {file = "PyYAML-6.0.2-cp311-cp311-musllinux_1_1_aarch64.whl", hash = "sha256:ff3824dc5261f50c9b0dfb3be22b4567a6f938ccce4587b38952d85fd9e9afe4"},
    {file = "PyYAML-6.0.2-cp311-cp311-musllinux_1_1_x86_64.whl", hash = "sha256:797b4f722ffa07cc8d62053e4cff1486fa6dc094105d13fea7b1de7d8bf71c9e"},
    {file = "PyYAML-6.0.2-cp311-cp311-win32.whl", hash = "sha256:11d8f3dd2b9c1207dcaf2ee0bbbfd5991f571186ec9cc78427ba5bd32afae4b5"},
    {file = "PyYAML-6.0.2-cp311-cp311-win_amd64.whl", hash = "sha256:e10ce637b18caea04431ce14fabcf5c64a1c61ec9c56b071a4b7ca131ca52d44"},
    {file = "PyYAML-6.0.2-cp312-cp312-macosx_10_9_x86_64.whl", hash = "sha256:c70c95198c015b85feafc136515252a261a84561b7b1d51e3384e0655ddf25ab"},
    {file = "PyYAML-6.0.2-cp312-cp312-macosx_11_0_arm64.whl", hash = "sha256:ce826d6ef20b1bc864f0a68340c8b3287705cae2f8b4b1d932177dcc76721725"},
    {file = "PyYAML-6.0.2-cp312-cp312-manylinux_2_17_aarch64.manylinux2014_aarch64.whl", hash = "sha256:1f71ea527786de97d1a0cc0eacd1defc0985dcf6b3f17bb77dcfc8c34bec4dc5"},
    {file = "PyYAML-6.0.2-cp312-cp312-manylinux_2_17_s390x.manylinux2014_s390x.whl", hash = "sha256:9b22676e8097e9e22e36d6b7bda33190d0d400f345f23d4065d48f4ca7ae0425"},
    {file = "PyYAML-6.0.2-cp312-cp312-manylinux_2_17_x86_64.manylinux2014_x86_64.whl", hash = "sha256:80bab7bfc629882493af4aa31a4cfa43a4c57c83813253626916b8c7ada83476"},
    {file = "PyYAML-6.0.2-cp312-cp312-musllinux_1_1_aarch64.whl", hash = "sha256:0833f8694549e586547b576dcfaba4a6b55b9e96098b36cdc7ebefe667dfed48"},
    {file = "PyYAML-6.0.2-cp312-cp312-musllinux_1_1_x86_64.whl", hash = "sha256:8b9c7197f7cb2738065c481a0461e50ad02f18c78cd75775628afb4d7137fb3b"},
    {file = "PyYAML-6.0.2-cp312-cp312-win32.whl", hash = "sha256:ef6107725bd54b262d6dedcc2af448a266975032bc85ef0172c5f059da6325b4"},
    {file = "PyYAML-6.0.2-cp312-cp312-win_amd64.whl", hash = "sha256:7e7401d0de89a9a855c839bc697c079a4af81cf878373abd7dc625847d25cbd8"},
    {file = "PyYAML-6.0.2-cp313-cp313-macosx_10_13_x86_64.whl", hash = "sha256:efdca5630322a10774e8e98e1af481aad470dd62c3170801852d752aa7a783ba"},
    {file = "PyYAML-6.0.2-cp313-cp313-macosx_11_0_arm64.whl", hash = "sha256:50187695423ffe49e2deacb8cd10510bc361faac997de9efef88badc3bb9e2d1"},
    {file = "PyYAML-6.0.2-cp313-cp313-manylinux_2_17_aarch64.manylinux2014_aarch64.whl", hash = "sha256:0ffe8360bab4910ef1b9e87fb812d8bc0a308b0d0eef8c8f44e0254ab3b07133"},
    {file = "PyYAML-6.0.2-cp313-cp313-manylinux_2_17_s390x.manylinux2014_s390x.whl", hash = "sha256:17e311b6c678207928d649faa7cb0d7b4c26a0ba73d41e99c4fff6b6c3276484"},
    {file = "PyYAML-6.0.2-cp313-cp313-manylinux_2_17_x86_64.manylinux2014_x86_64.whl", hash = "sha256:70b189594dbe54f75ab3a1acec5f1e3faa7e8cf2f1e08d9b561cb41b845f69d5"},
    {file = "PyYAML-6.0.2-cp313-cp313-musllinux_1_1_aarch64.whl", hash = "sha256:41e4e3953a79407c794916fa277a82531dd93aad34e29c2a514c2c0c5fe971cc"},
    {file = "PyYAML-6.0.2-cp313-cp313-musllinux_1_1_x86_64.whl", hash = "sha256:68ccc6023a3400877818152ad9a1033e3db8625d899c72eacb5a668902e4d652"},
    {file = "PyYAML-6.0.2-cp313-cp313-win32.whl", hash = "sha256:bc2fa7c6b47d6bc618dd7fb02ef6fdedb1090ec036abab80d4681424b84c1183"},
    {file = "PyYAML-6.0.2-cp313-cp313-win_amd64.whl", hash = "sha256:8388ee1976c416731879ac16da0aff3f63b286ffdd57cdeb95f3f2e085687563"},
    {file = "PyYAML-6.0.2-cp38-cp38-macosx_10_9_x86_64.whl", hash = "sha256:24471b829b3bf607e04e88d79542a9d48bb037c2267d7927a874e6c205ca7e9a"},
    {file = "PyYAML-6.0.2-cp38-cp38-manylinux_2_17_aarch64.manylinux2014_aarch64.whl", hash = "sha256:d7fded462629cfa4b685c5416b949ebad6cec74af5e2d42905d41e257e0869f5"},
    {file = "PyYAML-6.0.2-cp38-cp38-manylinux_2_17_s390x.manylinux2014_s390x.whl", hash = "sha256:d84a1718ee396f54f3a086ea0a66d8e552b2ab2017ef8b420e92edbc841c352d"},
    {file = "PyYAML-6.0.2-cp38-cp38-manylinux_2_17_x86_64.manylinux2014_x86_64.whl", hash = "sha256:9056c1ecd25795207ad294bcf39f2db3d845767be0ea6e6a34d856f006006083"},
    {file = "PyYAML-6.0.2-cp38-cp38-musllinux_1_1_x86_64.whl", hash = "sha256:82d09873e40955485746739bcb8b4586983670466c23382c19cffecbf1fd8706"},
    {file = "PyYAML-6.0.2-cp38-cp38-win32.whl", hash = "sha256:43fa96a3ca0d6b1812e01ced1044a003533c47f6ee8aca31724f78e93ccc089a"},
    {file = "PyYAML-6.0.2-cp38-cp38-win_amd64.whl", hash = "sha256:01179a4a8559ab5de078078f37e5c1a30d76bb88519906844fd7bdea1b7729ff"},
    {file = "PyYAML-6.0.2-cp39-cp39-macosx_10_9_x86_64.whl", hash = "sha256:688ba32a1cffef67fd2e9398a2efebaea461578b0923624778664cc1c914db5d"},
    {file = "PyYAML-6.0.2-cp39-cp39-macosx_11_0_arm64.whl", hash = "sha256:a8786accb172bd8afb8be14490a16625cbc387036876ab6ba70912730faf8e1f"},
    {file = "PyYAML-6.0.2-cp39-cp39-manylinux_2_17_aarch64.manylinux2014_aarch64.whl", hash = "sha256:d8e03406cac8513435335dbab54c0d385e4a49e4945d2909a581c83647ca0290"},
    {file = "PyYAML-6.0.2-cp39-cp39-manylinux_2_17_s390x.manylinux2014_s390x.whl", hash = "sha256:f753120cb8181e736c57ef7636e83f31b9c0d1722c516f7e86cf15b7aa57ff12"},
    {file = "PyYAML-6.0.2-cp39-cp39-manylinux_2_17_x86_64.manylinux2014_x86_64.whl", hash = "sha256:3b1fdb9dc17f5a7677423d508ab4f243a726dea51fa5e70992e59a7411c89d19"},
    {file = "PyYAML-6.0.2-cp39-cp39-musllinux_1_1_aarch64.whl", hash = "sha256:0b69e4ce7a131fe56b7e4d770c67429700908fc0752af059838b1cfb41960e4e"},
    {file = "PyYAML-6.0.2-cp39-cp39-musllinux_1_1_x86_64.whl", hash = "sha256:a9f8c2e67970f13b16084e04f134610fd1d374bf477b17ec1599185cf611d725"},
    {file = "PyYAML-6.0.2-cp39-cp39-win32.whl", hash = "sha256:6395c297d42274772abc367baaa79683958044e5d3835486c16da75d2a694631"},
    {file = "PyYAML-6.0.2-cp39-cp39-win_amd64.whl", hash = "sha256:39693e1f8320ae4f43943590b49779ffb98acb81f788220ea932a6b6c51004d8"},
    {file = "pyyaml-6.0.2.tar.gz", hash = "sha256:d584d9ec91ad65861cc08d42e834324ef890a082e591037abe114850ff7bbc3e"},
]

[metadata]
lock-version = "2.0"
python-versions = "3.10.10"
content-hash = "f7475cc13f78ec74017b76715ad94c4cd83d79ab8f0b29516e15a78a6d3f202f"
