# This file is automatically @generated by Poetry 1.8.2 and should not be changed by hand.

[[package]]
name = "opencolorio"
version = "2.3.2"
description = "OpenColorIO (OCIO) is a complete color management solution geared towards motion picture production with an emphasis on visual effects and computer animation."
optional = false
python-versions = "*"
files = [
    {file = "opencolorio-2.3.2-cp310-cp310-macosx_10_13_x86_64.whl", hash = "sha256:e95c5f805a6903c493c8f1906cc4b23f68bd043ae13f1533e33c57b666063e8a"},
    {file = "opencolorio-2.3.2-cp310-cp310-macosx_11_0_arm64.whl", hash = "sha256:489c1db997e420214927652e8ff09c82da4dc2a2a10213d885abe3ce6195b34a"},
    {file = "opencolorio-2.3.2-cp310-cp310-manylinux_2_17_aarch64.manylinux2014_aarch64.whl", hash = "sha256:746a380525b4828c9bb6c1128adb0a78a639397fa12d52dc7676c3a736651ba8"},
    {file = "opencolorio-2.3.2-cp310-cp310-manylinux_2_17_x86_64.manylinux2014_x86_64.whl", hash = "sha256:64e6849badc5f91d7a1968ecfed83af43ef8edbd8d575e9297c5b98371247baa"},
    {file = "opencolorio-2.3.2-cp310-cp310-manylinux_2_27_x86_64.manylinux_2_28_x86_64.whl", hash = "sha256:7b190975e1ecbe5877ee3d6849504d65c33d6df6311a4b2969f1778b6b921379"},
    {file = "opencolorio-2.3.2-cp310-cp310-win_amd64.whl", hash = "sha256:2e9665a34978e06e4144ed1b74912d0c630fcac9ef6990b8793a8627d0a15f1e"},
    {file = "opencolorio-2.3.2-cp311-cp311-macosx_10_13_x86_64.whl", hash = "sha256:bfe85da34627470781d46c2e85256015648f6e9cbcab6fd9b9d499a00279448c"},
    {file = "opencolorio-2.3.2-cp311-cp311-macosx_11_0_arm64.whl", hash = "sha256:c2ad6994e7484112ad4b50934c4c615348768d025c7c9c2fe24cc1892e75e577"},
    {file = "opencolorio-2.3.2-cp311-cp311-manylinux_2_17_aarch64.manylinux2014_aarch64.whl", hash = "sha256:216b2f880cd2bafdb5f63c1bc7a77d3466106026e6c9adf474db17bce2e03005"},
    {file = "opencolorio-2.3.2-cp311-cp311-manylinux_2_17_x86_64.manylinux2014_x86_64.whl", hash = "sha256:5a2b854751f8c6d6abe3a7d904eba621c1c43cc073a5d3653c4e10b09fa919d8"},
    {file = "opencolorio-2.3.2-cp311-cp311-manylinux_2_27_x86_64.manylinux_2_28_x86_64.whl", hash = "sha256:75ef04794b0ee1d32f179c3d701c69fe089d204f6dfb5da20e898d6b0fd230eb"},
    {file = "opencolorio-2.3.2-cp311-cp311-win_amd64.whl", hash = "sha256:d065f9af1e48e09e4a930ba29af513dd149e3300011b2f7c5679c8c57dec39e6"},
    {file = "opencolorio-2.3.2-cp312-cp312-macosx_10_13_x86_64.whl", hash = "sha256:465cf0abc1a7be68d4cc7577bc6d5cbe91a270cf5f10ac6ffa18ecad617bd8ea"},
    {file = "opencolorio-2.3.2-cp312-cp312-macosx_11_0_arm64.whl", hash = "sha256:8413491e6384bc9db542dba9744c7d379a95093b605eb4bed2fbdbf5bce34a16"},
    {file = "opencolorio-2.3.2-cp312-cp312-manylinux_2_17_aarch64.manylinux2014_aarch64.whl", hash = "sha256:e35fb253b3c66516a8acc100050619b7f4f1381c7d520933b5021f6c2996cc03"},
    {file = "opencolorio-2.3.2-cp312-cp312-manylinux_2_17_x86_64.manylinux2014_x86_64.whl", hash = "sha256:03f3d1d7c26ec0575f0ebf73319c8a785f83702c581a60d0b2eac82e960105ae"},
    {file = "opencolorio-2.3.2-cp312-cp312-manylinux_2_27_x86_64.manylinux_2_28_x86_64.whl", hash = "sha256:dd87a83ca06ef405b5a78656428e3f732f40649ed71c2f8abe5fe0c209ed237a"},
    {file = "opencolorio-2.3.2-cp312-cp312-win_amd64.whl", hash = "sha256:f7f66b7c46a6747e8d5fd77a2a2f471a91330b05e743a84b650e0784c4286eec"},
    {file = "opencolorio-2.3.2-cp37-cp37m-macosx_10_13_x86_64.whl", hash = "sha256:c4273e355f289d1cffb1cf3ce9cd78d3a352797020389fdf87f20f4994f797c3"},
    {file = "opencolorio-2.3.2-cp37-cp37m-manylinux_2_17_aarch64.manylinux2014_aarch64.whl", hash = "sha256:8260b84f2479d192ce4faa69b738828b216edaeeb2bd235c337ff71252e6e5c7"},
    {file = "opencolorio-2.3.2-cp37-cp37m-manylinux_2_17_x86_64.manylinux2014_x86_64.whl", hash = "sha256:e046c3b0b53d856f477642c3a6e0ebf07402721aade7ac504c178fe8e2a4f04d"},
    {file = "opencolorio-2.3.2-cp37-cp37m-manylinux_2_27_x86_64.manylinux_2_28_x86_64.whl", hash = "sha256:1be92839b6c0342d628e5efef31424e0f7cbddd3f08c7f1b059929161587cabf"},
    {file = "opencolorio-2.3.2-cp37-cp37m-win_amd64.whl", hash = "sha256:8a60829b0e17ba2e185c6f77a536d741b82a285ef889e88e078909b1660c4c21"},
    {file = "opencolorio-2.3.2-cp38-cp38-macosx_10_13_x86_64.whl", hash = "sha256:11816447aca4d37cff6cc80f236ee3c8a0fec9eada2fb8fbf89762c1c0b0839c"},
    {file = "opencolorio-2.3.2-cp38-cp38-macosx_11_0_arm64.whl", hash = "sha256:3e7a96d27ceb3edce6f71579ec47bc04b7ad120ebdd98eb7f2ba469b1f71eec5"},
    {file = "opencolorio-2.3.2-cp38-cp38-manylinux_2_17_aarch64.manylinux2014_aarch64.whl", hash = "sha256:0d6a403ac3752c7e48cd7a7ed9149ac2bc90754e8e167e0a0570f512a5d44174"},
    {file = "opencolorio-2.3.2-cp38-cp38-manylinux_2_17_x86_64.manylinux2014_x86_64.whl", hash = "sha256:feb6eabaf6fb1dacb58373911065226a347c96fdc45ce57dc0bbbb0d6d4a8a4e"},
    {file = "opencolorio-2.3.2-cp38-cp38-manylinux_2_27_x86_64.manylinux_2_28_x86_64.whl", hash = "sha256:b10ec1f66944b8c460822bb714c8726ddf9c6d4ec13b3b04a9eea1d5b53b9f92"},
    {file = "opencolorio-2.3.2-cp38-cp38-win_amd64.whl", hash = "sha256:fb12aa1e376eaeeee2d5d7a20847808ef79c1da45d4e0fbb2a352cc56bc9c655"},
    {file = "opencolorio-2.3.2-cp39-cp39-macosx_10_13_x86_64.whl", hash = "sha256:70d5154e239e390c7464021a60b0f3e7c08769036092c22928190056c190be92"},
    {file = "opencolorio-2.3.2-cp39-cp39-macosx_11_0_arm64.whl", hash = "sha256:188972eb6a16bde3dfa04f4462bad354962a9e7d77360daa9213a2fffaf39b91"},
    {file = "opencolorio-2.3.2-cp39-cp39-manylinux_2_17_aarch64.manylinux2014_aarch64.whl", hash = "sha256:7edb186523eca6489d849e801122086df74371ec9042f87b3879c3830b862d0d"},
    {file = "opencolorio-2.3.2-cp39-cp39-manylinux_2_17_x86_64.manylinux2014_x86_64.whl", hash = "sha256:62ccf88296669022f4e73133d831b67ca21af7033ce417757d1bb4c2bf7a6de1"},
    {file = "opencolorio-2.3.2-cp39-cp39-manylinux_2_27_x86_64.manylinux_2_28_x86_64.whl", hash = "sha256:cf80b15653953fa644f8d6eb10edc9b3fcb120019300fbd80573239f18b1c79e"},
    {file = "opencolorio-2.3.2-cp39-cp39-win_amd64.whl", hash = "sha256:4a67abb7004f3ae029afc5e69380b2aeb8bac67c12ecd42d52e3c18e39c0bf79"},
    {file = "opencolorio-2.3.2.tar.gz", hash = "sha256:1f71029fe2ee0493fd68cc9ac8a4d34f34ebc46f0bf9173227ef775ec2d80d3e"},
]

[metadata]
lock-version = "2.0"
python-versions = "^3.10.10"
content-hash = "4ffa2295682f3270d2f9368bd4961db83dbb6f7ff8f8444b014331647dcb6f6f"
