# This file is automatically @generated by Poetry 1.8.4 and should not be changed by hand.

[[package]]
name = "opencolorio"
version = "2.4.2"
description = "OpenColorIO (OCIO) is a complete color management solution geared towards motion picture production with an emphasis on visual effects and computer animation."
optional = false
python-versions = "*"
files = [
    {file = "opencolorio-2.4.2-cp310-cp310-macosx_10_13_x86_64.whl", hash = "sha256:7847e625ab44f297cc7b8b615c2fe1fb0ddebe082c773fe970dd5378b1232cdc"},
    {file = "opencolorio-2.4.2-cp310-cp310-macosx_11_0_arm64.whl", hash = "sha256:2ae6af5d7879b8f4bc86f32845bad02912de56b88cf2ffc7e2d18e675f97d30e"},
    {file = "opencolorio-2.4.2-cp310-cp310-manylinux_2_17_aarch64.manylinux2014_aarch64.whl", hash = "sha256:9673c65d3a87c7ed00a563d00798128c9db776381d733e1df28574441d819924"},
    {file = "opencolorio-2.4.2-cp310-cp310-manylinux_2_17_x86_64.manylinux2014_x86_64.whl", hash = "sha256:c799575045378034f99d7413cc410a2bae5c0ed7308a21ce5e93ecf7d798e1d4"},
    {file = "opencolorio-2.4.2-cp310-cp310-manylinux_2_27_x86_64.manylinux_2_28_x86_64.whl", hash = "sha256:3ae2431f6683a7ee2d2ef1b96317630192002ac9c8651f3ee393b0f31b221249"},
    {file = "opencolorio-2.4.2-cp310-cp310-win_amd64.whl", hash = "sha256:82752ca049b91fcbf939655a15926044af8a15593a32e9cbc38a58ea59873574"},
    {file = "opencolorio-2.4.2-cp311-cp311-macosx_10_13_x86_64.whl", hash = "sha256:d48c314dcbde2886a3089db94a86e5d3a985c13f67c834d098a9021070ebf3fa"},
    {file = "opencolorio-2.4.2-cp311-cp311-macosx_11_0_arm64.whl", hash = "sha256:08e8bdc7b17bb248ca6a6005bb4f7e3878d0b54db657d37b6c99d9b82ee39bf9"},
    {file = "opencolorio-2.4.2-cp311-cp311-manylinux_2_17_aarch64.manylinux2014_aarch64.whl", hash = "sha256:ea1717e40301323d7cf41ff22fca526069b4770357aaa881b3802ca2b6884441"},
    {file = "opencolorio-2.4.2-cp311-cp311-manylinux_2_17_x86_64.manylinux2014_x86_64.whl", hash = "sha256:598bdb01ef8bc858d0214b244768308af364222ce0dd4e1e7166e0ecf1f7aee6"},
    {file = "opencolorio-2.4.2-cp311-cp311-manylinux_2_27_x86_64.manylinux_2_28_x86_64.whl", hash = "sha256:51a4dde2af1da83540d88ea14773e36635bb081322925d99b8da4cd7834a7d23"},
    {file = "opencolorio-2.4.2-cp311-cp311-win_amd64.whl", hash = "sha256:02ae5c7ba10898dd39a7e42b04135a732e910ef6ce1d6c0bea8cf6f6d905a476"},
    {file = "opencolorio-2.4.2-cp312-cp312-macosx_10_13_x86_64.whl", hash = "sha256:ff646ce122c3e67c14a6f1082b2c274d35f003c05d95892f59743b701f8449c3"},
    {file = "opencolorio-2.4.2-cp312-cp312-macosx_11_0_arm64.whl", hash = "sha256:e1d7e437de0b153f421a8e1fa34e9022725f888494b55e43d19a8d5a6fbcec12"},
    {file = "opencolorio-2.4.2-cp312-cp312-manylinux_2_17_aarch64.manylinux2014_aarch64.whl", hash = "sha256:40bc8d9ce818c605bbc5122bdae3fe4750ad73368c62c27de7d207cbf54a6fe7"},
    {file = "opencolorio-2.4.2-cp312-cp312-manylinux_2_17_x86_64.manylinux2014_x86_64.whl", hash = "sha256:d101a752a4b5bfcf5ec197a9afe7ca1f592d334df9b38eb8c9fbb5816d5becd7"},
    {file = "opencolorio-2.4.2-cp312-cp312-manylinux_2_27_x86_64.manylinux_2_28_x86_64.whl", hash = "sha256:9f504752c04b55377010b5ca9d2b5ee1bc93cfbd94572786588f57fdb26c25d6"},
    {file = "opencolorio-2.4.2-cp312-cp312-win_amd64.whl", hash = "sha256:120bfb83830f319d2da5b297e835a095c5f615bbc641522db5f8edce78d58aaf"},
    {file = "opencolorio-2.4.2-cp313-cp313-macosx_10_13_x86_64.whl", hash = "sha256:24f0ec0bdab6f7bf646308f5ecc9975a9d99e2c0828de527b87222be2e3be603"},
    {file = "opencolorio-2.4.2-cp313-cp313-macosx_11_0_arm64.whl", hash = "sha256:d5c3b7d56907a74ac5cf488b27748910053d9076d2366a72fc06bd821d5325b0"},
    {file = "opencolorio-2.4.2-cp313-cp313-manylinux_2_17_aarch64.manylinux2014_aarch64.whl", hash = "sha256:6498da493666151477cc33fa59a1e8dfd77a40920743bc6e076710f9119de5ab"},
    {file = "opencolorio-2.4.2-cp313-cp313-manylinux_2_17_x86_64.manylinux2014_x86_64.whl", hash = "sha256:2699190099c2d94fe91fed5bdc71dcb03710a704f588b7c767ac7fb7691b2b0b"},
    {file = "opencolorio-2.4.2-cp313-cp313-manylinux_2_27_x86_64.manylinux_2_28_x86_64.whl", hash = "sha256:6a1dfe54bfb4c55bf5814485b3b14bc6fb12d702652f6c74691ec003a3801553"},
    {file = "opencolorio-2.4.2-cp313-cp313-win_amd64.whl", hash = "sha256:27752c605ad352b16322162edb7c9e1b51107994064878da0c8797d9218d9ba5"},
    {file = "opencolorio-2.4.2-cp38-cp38-macosx_10_13_x86_64.whl", hash = "sha256:8dcec6b5b1473ea16c85e2cc6b27c2bff5cdc7c32d038122bf5d83bf99497f1b"},
    {file = "opencolorio-2.4.2-cp38-cp38-macosx_11_0_arm64.whl", hash = "sha256:7a75fb36303a5256e5468fd8a2601a7930263b993def739b8dc1fafe83090057"},
    {file = "opencolorio-2.4.2-cp38-cp38-manylinux_2_17_aarch64.manylinux2014_aarch64.whl", hash = "sha256:4ca2a26ceeaf7e5b69ea4d86de7c804991710339227c43e51490d59ad9c58dc1"},
    {file = "opencolorio-2.4.2-cp38-cp38-manylinux_2_17_x86_64.manylinux2014_x86_64.whl", hash = "sha256:0943e5cce15e57dc42e3468dc8279d8b078a792fdefca0482e3837782f691a1c"},
    {file = "opencolorio-2.4.2-cp38-cp38-manylinux_2_27_x86_64.manylinux_2_28_x86_64.whl", hash = "sha256:da80562d207574954a12da22274117edd16071f75608d8f4ff07577b34e2d3ca"},
    {file = "opencolorio-2.4.2-cp38-cp38-win_amd64.whl", hash = "sha256:593ea03e7f74ce6022f03a40eb5a4938c9e190925e81b3360a9a0bb6b4c2d82f"},
    {file = "opencolorio-2.4.2-cp39-cp39-macosx_10_13_x86_64.whl", hash = "sha256:fe45f66f91663f3f38d236edd92a7cc5628ad2a2a63f95806d85cd60c6c73eb6"},
    {file = "opencolorio-2.4.2-cp39-cp39-macosx_11_0_arm64.whl", hash = "sha256:8acd4f1afe3555159053d692ae5a9fe63f7eb81a653d0a87df8c4d4c6a010843"},
    {file = "opencolorio-2.4.2-cp39-cp39-manylinux_2_17_aarch64.manylinux2014_aarch64.whl", hash = "sha256:9fd023f2c3278b6eccb1aaa8f5619f2f7c392213dee30d5347a13af238fc3162"},
    {file = "opencolorio-2.4.2-cp39-cp39-manylinux_2_17_x86_64.manylinux2014_x86_64.whl", hash = "sha256:2611267460d9e368031b348ee255e06b652b4dcb09b77d1d53a0461c3ea5efcb"},
    {file = "opencolorio-2.4.2-cp39-cp39-manylinux_2_27_x86_64.manylinux_2_28_x86_64.whl", hash = "sha256:d7c665940867a6a6ac4e4196993e412f9bf5be782790af002f33d31373a21445"},
    {file = "opencolorio-2.4.2-cp39-cp39-win_amd64.whl", hash = "sha256:257b59eca85e362d995e7eb7234f9afc28d5106625ca678bfe0d0997231ea5df"},
    {file = "opencolorio-2.4.2.tar.gz", hash = "sha256:5b54a9926675c44c945d86468f0bf7fe16562f2c4471d18c7a0d273458a509d7"},
]

[[package]]
name = "pyyaml"
version = "6.0.2"
description = "YAML parser and emitter for Python"
optional = false
python-versions = ">=3.8"
files = [
    {file = "PyYAML-6.0.2-cp310-cp310-macosx_10_9_x86_64.whl", hash = "sha256:0a9a2848a5b7feac301353437eb7d5957887edbf81d56e903999a75a3d743086"},
    {file = "PyYAML-6.0.2-cp310-cp310-macosx_11_0_arm64.whl", hash = "sha256:29717114e51c84ddfba879543fb232a6ed60086602313ca38cce623c1d62cfbf"},
    {file = "PyYAML-6.0.2-cp310-cp310-manylinux_2_17_aarch64.manylinux2014_aarch64.whl", hash = "sha256:8824b5a04a04a047e72eea5cec3bc266db09e35de6bdfe34c9436ac5ee27d237"},
    {file = "PyYAML-6.0.2-cp310-cp310-manylinux_2_17_s390x.manylinux2014_s390x.whl", hash = "sha256:7c36280e6fb8385e520936c3cb3b8042851904eba0e58d277dca80a5cfed590b"},
    {file = "PyYAML-6.0.2-cp310-cp310-manylinux_2_17_x86_64.manylinux2014_x86_64.whl", hash = "sha256:ec031d5d2feb36d1d1a24380e4db6d43695f3748343d99434e6f5f9156aaa2ed"},
    {file = "PyYAML-6.0.2-cp310-cp310-musllinux_1_1_aarch64.whl", hash = "sha256:936d68689298c36b53b29f23c6dbb74de12b4ac12ca6cfe0e047bedceea56180"},
    {file = "PyYAML-6.0.2-cp310-cp310-musllinux_1_1_x86_64.whl", hash = "sha256:23502f431948090f597378482b4812b0caae32c22213aecf3b55325e049a6c68"},
    {file = "PyYAML-6.0.2-cp310-cp310-win32.whl", hash = "sha256:2e99c6826ffa974fe6e27cdb5ed0021786b03fc98e5ee3c5bfe1fd5015f42b99"},
    {file = "PyYAML-6.0.2-cp310-cp310-win_amd64.whl", hash = "sha256:a4d3091415f010369ae4ed1fc6b79def9416358877534caf6a0fdd2146c87a3e"},
    {file = "PyYAML-6.0.2-cp311-cp311-macosx_10_9_x86_64.whl", hash = "sha256:cc1c1159b3d456576af7a3e4d1ba7e6924cb39de8f67111c735f6fc832082774"},
    {file = "PyYAML-6.0.2-cp311-cp311-macosx_11_0_arm64.whl", hash = "sha256:1e2120ef853f59c7419231f3bf4e7021f1b936f6ebd222406c3b60212205d2ee"},
    {file = "PyYAML-6.0.2-cp311-cp311-manylinux_2_17_aarch64.manylinux2014_aarch64.whl", hash = "sha256:5d225db5a45f21e78dd9358e58a98702a0302f2659a3c6cd320564b75b86f47c"},
    {file = "PyYAML-6.0.2-cp311-cp311-manylinux_2_17_s390x.manylinux2014_s390x.whl", hash = "sha256:5ac9328ec4831237bec75defaf839f7d4564be1e6b25ac710bd1a96321cc8317"},
    {file = "PyYAML-6.0.2-cp311-cp311-manylinux_2_17_x86_64.manylinux2014_x86_64.whl", hash = "sha256:3ad2a3decf9aaba3d29c8f537ac4b243e36bef957511b4766cb0057d32b0be85"},
    {file = "PyYAML-6.0.2-cp311-cp311-musllinux_1_1_aarch64.whl", hash = "sha256:ff3824dc5261f50c9b0dfb3be22b4567a6f938ccce4587b38952d85fd9e9afe4"},
    {file = "PyYAML-6.0.2-cp311-cp311-musllinux_1_1_x86_64.whl", hash = "sha256:797b4f722ffa07cc8d62053e4cff1486fa6dc094105d13fea7b1de7d8bf71c9e"},
    {file = "PyYAML-6.0.2-cp311-cp311-win32.whl", hash = "sha256:11d8f3dd2b9c1207dcaf2ee0bbbfd5991f571186ec9cc78427ba5bd32afae4b5"},
    {file = "PyYAML-6.0.2-cp311-cp311-win_amd64.whl", hash = "sha256:e10ce637b18caea04431ce14fabcf5c64a1c61ec9c56b071a4b7ca131ca52d44"},
    {file = "PyYAML-6.0.2-cp312-cp312-macosx_10_9_x86_64.whl", hash = "sha256:c70c95198c015b85feafc136515252a261a84561b7b1d51e3384e0655ddf25ab"},
    {file = "PyYAML-6.0.2-cp312-cp312-macosx_11_0_arm64.whl", hash = "sha256:ce826d6ef20b1bc864f0a68340c8b3287705cae2f8b4b1d932177dcc76721725"},
    {file = "PyYAML-6.0.2-cp312-cp312-manylinux_2_17_aarch64.manylinux2014_aarch64.whl", hash = "sha256:1f71ea527786de97d1a0cc0eacd1defc0985dcf6b3f17bb77dcfc8c34bec4dc5"},
    {file = "PyYAML-6.0.2-cp312-cp312-manylinux_2_17_s390x.manylinux2014_s390x.whl", hash = "sha256:9b22676e8097e9e22e36d6b7bda33190d0d400f345f23d4065d48f4ca7ae0425"},
    {file = "PyYAML-6.0.2-cp312-cp312-manylinux_2_17_x86_64.manylinux2014_x86_64.whl", hash = "sha256:80bab7bfc629882493af4aa31a4cfa43a4c57c83813253626916b8c7ada83476"},
    {file = "PyYAML-6.0.2-cp312-cp312-musllinux_1_1_aarch64.whl", hash = "sha256:0833f8694549e586547b576dcfaba4a6b55b9e96098b36cdc7ebefe667dfed48"},
    {file = "PyYAML-6.0.2-cp312-cp312-musllinux_1_1_x86_64.whl", hash = "sha256:8b9c7197f7cb2738065c481a0461e50ad02f18c78cd75775628afb4d7137fb3b"},
    {file = "PyYAML-6.0.2-cp312-cp312-win32.whl", hash = "sha256:ef6107725bd54b262d6dedcc2af448a266975032bc85ef0172c5f059da6325b4"},
    {file = "PyYAML-6.0.2-cp312-cp312-win_amd64.whl", hash = "sha256:7e7401d0de89a9a855c839bc697c079a4af81cf878373abd7dc625847d25cbd8"},
    {file = "PyYAML-6.0.2-cp313-cp313-macosx_10_13_x86_64.whl", hash = "sha256:efdca5630322a10774e8e98e1af481aad470dd62c3170801852d752aa7a783ba"},
    {file = "PyYAML-6.0.2-cp313-cp313-macosx_11_0_arm64.whl", hash = "sha256:50187695423ffe49e2deacb8cd10510bc361faac997de9efef88badc3bb9e2d1"},
    {file = "PyYAML-6.0.2-cp313-cp313-manylinux_2_17_aarch64.manylinux2014_aarch64.whl", hash = "sha256:0ffe8360bab4910ef1b9e87fb812d8bc0a308b0d0eef8c8f44e0254ab3b07133"},
    {file = "PyYAML-6.0.2-cp313-cp313-manylinux_2_17_s390x.manylinux2014_s390x.whl", hash = "sha256:17e311b6c678207928d649faa7cb0d7b4c26a0ba73d41e99c4fff6b6c3276484"},
    {file = "PyYAML-6.0.2-cp313-cp313-manylinux_2_17_x86_64.manylinux2014_x86_64.whl", hash = "sha256:70b189594dbe54f75ab3a1acec5f1e3faa7e8cf2f1e08d9b561cb41b845f69d5"},
    {file = "PyYAML-6.0.2-cp313-cp313-musllinux_1_1_aarch64.whl", hash = "sha256:41e4e3953a79407c794916fa277a82531dd93aad34e29c2a514c2c0c5fe971cc"},
    {file = "PyYAML-6.0.2-cp313-cp313-musllinux_1_1_x86_64.whl", hash = "sha256:68ccc6023a3400877818152ad9a1033e3db8625d899c72eacb5a668902e4d652"},
    {file = "PyYAML-6.0.2-cp313-cp313-win32.whl", hash = "sha256:bc2fa7c6b47d6bc618dd7fb02ef6fdedb1090ec036abab80d4681424b84c1183"},
    {file = "PyYAML-6.0.2-cp313-cp313-win_amd64.whl", hash = "sha256:8388ee1976c416731879ac16da0aff3f63b286ffdd57cdeb95f3f2e085687563"},
    {file = "PyYAML-6.0.2-cp38-cp38-macosx_10_9_x86_64.whl", hash = "sha256:24471b829b3bf607e04e88d79542a9d48bb037c2267d7927a874e6c205ca7e9a"},
    {file = "PyYAML-6.0.2-cp38-cp38-manylinux_2_17_aarch64.manylinux2014_aarch64.whl", hash = "sha256:d7fded462629cfa4b685c5416b949ebad6cec74af5e2d42905d41e257e0869f5"},
    {file = "PyYAML-6.0.2-cp38-cp38-manylinux_2_17_s390x.manylinux2014_s390x.whl", hash = "sha256:d84a1718ee396f54f3a086ea0a66d8e552b2ab2017ef8b420e92edbc841c352d"},
    {file = "PyYAML-6.0.2-cp38-cp38-manylinux_2_17_x86_64.manylinux2014_x86_64.whl", hash = "sha256:9056c1ecd25795207ad294bcf39f2db3d845767be0ea6e6a34d856f006006083"},
    {file = "PyYAML-6.0.2-cp38-cp38-musllinux_1_1_x86_64.whl", hash = "sha256:82d09873e40955485746739bcb8b4586983670466c23382c19cffecbf1fd8706"},
    {file = "PyYAML-6.0.2-cp38-cp38-win32.whl", hash = "sha256:43fa96a3ca0d6b1812e01ced1044a003533c47f6ee8aca31724f78e93ccc089a"},
    {file = "PyYAML-6.0.2-cp38-cp38-win_amd64.whl", hash = "sha256:01179a4a8559ab5de078078f37e5c1a30d76bb88519906844fd7bdea1b7729ff"},
    {file = "PyYAML-6.0.2-cp39-cp39-macosx_10_9_x86_64.whl", hash = "sha256:688ba32a1cffef67fd2e9398a2efebaea461578b0923624778664cc1c914db5d"},
    {file = "PyYAML-6.0.2-cp39-cp39-macosx_11_0_arm64.whl", hash = "sha256:a8786accb172bd8afb8be14490a16625cbc387036876ab6ba70912730faf8e1f"},
    {file = "PyYAML-6.0.2-cp39-cp39-manylinux_2_17_aarch64.manylinux2014_aarch64.whl", hash = "sha256:d8e03406cac8513435335dbab54c0d385e4a49e4945d2909a581c83647ca0290"},
    {file = "PyYAML-6.0.2-cp39-cp39-manylinux_2_17_s390x.manylinux2014_s390x.whl", hash = "sha256:f753120cb8181e736c57ef7636e83f31b9c0d1722c516f7e86cf15b7aa57ff12"},
    {file = "PyYAML-6.0.2-cp39-cp39-manylinux_2_17_x86_64.manylinux2014_x86_64.whl", hash = "sha256:3b1fdb9dc17f5a7677423d508ab4f243a726dea51fa5e70992e59a7411c89d19"},
    {file = "PyYAML-6.0.2-cp39-cp39-musllinux_1_1_aarch64.whl", hash = "sha256:0b69e4ce7a131fe56b7e4d770c67429700908fc0752af059838b1cfb41960e4e"},
    {file = "PyYAML-6.0.2-cp39-cp39-musllinux_1_1_x86_64.whl", hash = "sha256:a9f8c2e67970f13b16084e04f134610fd1d374bf477b17ec1599185cf611d725"},
    {file = "PyYAML-6.0.2-cp39-cp39-win32.whl", hash = "sha256:6395c297d42274772abc367baaa79683958044e5d3835486c16da75d2a694631"},
    {file = "PyYAML-6.0.2-cp39-cp39-win_amd64.whl", hash = "sha256:39693e1f8320ae4f43943590b49779ffb98acb81f788220ea932a6b6c51004d8"},
    {file = "pyyaml-6.0.2.tar.gz", hash = "sha256:d584d9ec91ad65861cc08d42e834324ef890a082e591037abe114850ff7bbc3e"},
]

[metadata]
lock-version = "2.0"
python-versions = ">=3.11,<4.0"
content-hash = "993cef83367aa8afc3a541c08c3614bf6a2466f7e2c1abc733e3bdccf1b62a89"
